{
    "requires": true,
    "lockfileVersion": 1,
    "dependencies": {
        "sweetalert2": {
            "version": "8.8.1",
            "resolved": "https://registry.npmjs.org/sweetalert2/-/sweetalert2-8.8.1.tgz",
            "integrity": "sha512-9SvZrgQW1X95F2k2LSHY7pU00dwB2v0ZXycX/jgWzAiXAQldPVqUozfU/uBnD95fLJIU+BeIoIUMXVOYdslDFA=="
        }
    }
}
